{
  "nodes": {
    "disko": {
      "inputs": {
        "nixpkgs": [
          "nixpkgs"
        ]
      },
      "locked": {
        "lastModified": 1753140376,
        "narHash": "sha256-7lrVrE0jSvZHrxEzvnfHFE/Wkk9DDqb+mYCodI5uuB8=",
        "owner": "nix-community",
        "repo": "disko",
        "rev": "545aba02960caa78a31bd9a8709a0ad4b6320a5c",
        "type": "github"
      },
      "original": {
        "owner": "nix-community",
        "repo": "disko",
        "type": "github"
      }
    },
    "nixos-facter-modules": {
      "locked": {
        "lastModified": 1750412875,
        "narHash": "sha256-uP9Xxw5XcFwjX9lNoYRpybOnIIe1BHfZu5vJnnPg3Jc=",
        "owner": "numtide",
        "repo": "nixos-facter-modules",
        "rev": "14df13c84552a7d1f33c1cd18336128fbc43f920",
        "type": "github"
      },
      "original": {
        "owner": "numtide",
        "repo": "nixos-facter-modules",
        "type": "github"
      }
    },
    "nixpkgs": {
      "locked": {
        "lastModified": 1753432016,
        "narHash": "sha256-cnL5WWn/xkZoyH/03NNUS7QgW5vI7D1i74g48qplCvg=",
        "owner": "NixOS",
        "repo": "nixpkgs",
        "rev": "6027c30c8e9810896b92429f0092f624f7b1aace",
        "type": "github"
      },
      "original": {
        "owner": "NixOS",
        "ref": "nixpkgs-unstable",
        "repo": "nixpkgs",
        "type": "github"
      }
    },
    "root": {
      "inputs": {
        "disko": "disko",
        "nixos-facter-modules": "nixos-facter-modules",
        "nixpkgs": "nixpkgs"
      }
    }
  },
  "root": "root",
  "version": 7
}
